// !$*UTF8*$!
{
	archiveVersion = 1;
	classes = {
	};
	objectVersion = 50;
	objects = {

/* Begin PBXBuildFile section */
		04EB3B0024C6DAE100BD58DD /* AppDelegate.swift in Sources */ = {isa = PBXBuildFile; fileRef = 04EB3AFF24C6DAE100BD58DD /* AppDelegate.swift */; };
		04EB3B0224C6DAE100BD58DD /* SceneDelegate.swift in Sources */ = {isa = PBXBuildFile; fileRef = 04EB3B0124C6DAE100BD58DD /* SceneDelegate.swift */; };
		04EB3B0424C6DAE100BD58DD /* ViewController.swift in Sources */ = {isa = PBXBuildFile; fileRef = 04EB3B0324C6DAE100BD58DD /* ViewController.swift */; };
		04EB3B0724C6DAE100BD58DD /* Main.storyboard in Resources */ = {isa = PBXBuildFile; fileRef = 04EB3B0524C6DAE100BD58DD /* Main.storyboard */; };
		04EB3B0924C6DAE600BD58DD /* Assets.xcassets in Resources */ = {isa = PBXBuildFile; fileRef = 04EB3B0824C6DAE600BD58DD /* Assets.xcassets */; };
		04EB3B0C24C6DAE600BD58DD /* LaunchScreen.storyboard in Resources */ = {isa = PBXBuildFile; fileRef = 04EB3B0A24C6DAE600BD58DD /* LaunchScreen.storyboard */; };
/* End PBXBuildFile section */

/* Begin PBXFileReference section */
		04EB3AFC24C6DAE100BD58DD /* HighwayCode.app */ = {isa = PBXFileReference; explicitFileType = wrapper.application; includeInIndex = 0; path = HighwayCode.app; sourceTree = BUILT_PRODUCTS_DIR; };
		04EB3AFF24C6DAE100BD58DD /* AppDelegate.swift */ = {isa = PBXFileReference; lastKnownFileType = sourcecode.swift; path = AppDelegate.swift; sourceTree = "<group>"; };
		04EB3B0124C6DAE100BD58DD /* SceneDelegate.swift */ = {isa = PBXFileReference; lastKnownFileType = sourcecode.swift; path = SceneDelegate.swift; sourceTree = "<group>"; };
		04EB3B0324C6DAE100BD58DD /* ViewController.swift */ = {isa = PBXFileReference; lastKnownFileType = sourcecode.swift; path = ViewController.swift; sourceTree = "<group>"; };
		04EB3B0624C6DAE100BD58DD /* Base */ = {isa = PBXFileReference; lastKnownFileType = file.storyboard; name = Base; path = Base.lproj/Main.storyboard; sourceTree = "<group>"; };
		04EB3B0824C6DAE600BD58DD /* Assets.xcassets */ = {isa = PBXFileReference; lastKnownFileType = folder.assetcatalog; path = Assets.xcassets; sourceTree = "<group>"; };
		04EB3B0B24C6DAE600BD58DD /* Base */ = {isa = PBXFileReference; lastKnownFileType = file.storyboard; name = Base; path = Base.lproj/LaunchScreen.storyboard; sourceTree = "<group>"; };
		04EB3B0D24C6DAE600BD58DD /* Info.plist */ = {isa = PBXFileReference; lastKnownFileType = text.plist.xml; path = Info.plist; sourceTree = "<group>"; };
/* End PBXFileReference section */

/* Begin PBXFrameworksBuildPhase section */
		04EB3AF924C6DAE100BD58DD /* Frameworks */ = {
			isa = PBXFrameworksBuildPhase;
			buildActionMask = 2147483647;
			files = (
			);
			runOnlyForDeploymentPostprocessing = 0;
		};
/* End PBXFrameworksBuildPhase section */

/* Begin PBXGroup section */
		04EB3AF324C6DAE100BD58DD = {
			isa = PBXGroup;
			children = (
				04EB3AFE24C6DAE100BD58DD /* HighwayCode */,
				04EB3AFD24C6DAE100BD58DD /* Products */,
			);
			sourceTree = "<group>";
		};
		04EB3AFD24C6DAE100BD58DD /* Products */ = {
			isa = PBXGroup;
			children = (
				04EB3AFC24C6DAE100BD58DD /* HighwayCode.app */,
			);
			name = Products;
			sourceTree = "<group>";
		};
		04EB3AFE24C6DAE100BD58DD /* HighwayCode */ = {
			isa = PBXGroup;
			children = (
				04EB3AFF24C6DAE100BD58DD /* AppDelegate.swift */,
				04EB3B0124C6DAE100BD58DD /* SceneDelegate.swift */,
				04EB3B0324C6DAE100BD58DD /* ViewController.swift */,
				04EB3B0524C6DAE100BD58DD /* Main.storyboard */,
				04EB3B0824C6DAE600BD58DD /* Assets.xcassets */,
				04EB3B0A24C6DAE600BD58DD /* LaunchScreen.storyboard */,
				04EB3B0D24C6DAE600BD58DD /* Info.plist */,
			);
			path = HighwayCode;
			sourceTree = "<group>";
		};
/* End PBXGroup section */

/* Begin PBXNativeTarget section */
		04EB3AFB24C6DAE100BD58DD /* HighwayCode */ = {
			isa = PBXNativeTarget;
			buildConfigurationList = 04EB3B1024C6DAE600BD58DD /* Build configuration list for PBXNativeTarget "HighwayCode" */;
			buildPhases = (
				04EB3AF824C6DAE100BD58DD /* Sources */,
				04EB3AF924C6DAE100BD58DD /* Frameworks */,
				04EB3AFA24C6DAE100BD58DD /* Resources */,
			);
			buildRules = (
			);
			dependencies = (
			);
			name = HighwayCode;
			productName = HighwayCode;
			productReference = 04EB3AFC24C6DAE100BD58DD /* HighwayCode.app */;
			productType = "com.apple.product-type.application";
		};
/* End PBXNativeTarget section */

/* Begin PBXProject section */
		04EB3AF424C6DAE100BD58DD /* Project object */ = {
			isa = PBXProject;
			attributes = {
				LastSwiftUpdateCheck = 1160;
				LastUpgradeCheck = 1160;
				ORGANIZATIONNAME = Gagnant;
				TargetAttributes = {
					04EB3AFB24C6DAE100BD58DD = {
						CreatedOnToolsVersion = 11.6;
					};
				};
			};
			buildConfigurationList = 04EB3AF724C6DAE100BD58DD /* Build configuration list for PBXProject "HighwayCode" */;
			compatibilityVersion = "Xcode 9.3";
			developmentRegion = en;
			hasScannedForEncodings = 0;
			knownRegions = (
				en,
				Base,
			);
			mainGroup = 04EB3AF324C6DAE100BD58DD;
			productRefGroup = 04EB3AFD24C6DAE100BD58DD /* Products */;
			projectDirPath = "";
			projectRoot = "";
			targets = (
				04EB3AFB24C6DAE100BD58DD /* HighwayCode */,
			);
		};
/* End PBXProject section */

/* Begin PBXResourcesBuildPhase section */
		04EB3AFA24C6DAE100BD58DD /* Resources */ = {
			isa = PBXResourcesBuildPhase;
			buildActionMask = 2147483647;
			files = (
				04EB3B0C24C6DAE600BD58DD /* LaunchScreen.storyboard in Resources */,
				04EB3B0924C6DAE600BD58DD /* Assets.xcassets in Resources */,
				04EB3B0724C6DAE100BD58DD /* Main.storyboard in Resources */,
			);
			runOnlyForDeploymentPostprocessing = 0;
		};
/* End PBXResourcesBuildPhase section */

/* Begin PBXSourcesBuildPhase section */
		04EB3AF824C6DAE100BD58DD /* Sources */ = {
			isa = PBXSourcesBuildPhase;
			buildActionMask = 2147483647;
			files = (
				04EB3B0424C6DAE100BD58DD /* ViewController.swift in Sources */,
				04EB3B0024C6DAE100BD58DD /* AppDelegate.swift in Sources */,
				04EB3B0224C6DAE100BD58DD /* SceneDelegate.swift in Sources */,
			);
			runOnlyForDeploymentPostprocessing = 0;
		};
/* End PBXSourcesBuildPhase section */

/* Begin PBXVariantGroup section */
		04EB3B0524C6DAE100BD58DD /* Main.storyboard */ = {
			isa = PBXVariantGroup;
			children = (
				04EB3B0624C6DAE100BD58DD /* Base */,
			);
			name = Main.storyboard;
			sourceTree = "<group>";
		};
		04EB3B0A24C6DAE600BD58DD /* LaunchScreen.storyboard */ = {
			isa = PBXVariantGroup;
			children = (
				04EB3B0B24C6DAE600BD58DD /* Base */,
			);
			name = LaunchScreen.storyboard;
			sourceTree = "<group>";
		};
/* End PBXVariantGroup section */

/* Begin XCBuildConfiguration section */
		04EB3B0E24C6DAE600BD58DD /* Debug */ = {
			isa = XCBuildConfiguration;
			buildSettings = {
				ALWAYS_SEARCH_USER_PATHS = NO;
				CLANG_ANALYZER_NONNULL = YES;
				CLANG_ANALYZER_NUMBER_OBJECT_CONVERSION = YES_AGGRESSIVE;
				CLANG_CXX_LANGUAGE_STANDARD = "gnu++14";
				CLANG_CXX_LIBRARY = "libc++";
				CLANG_ENABLE_MODULES = YES;
				CLANG_ENABLE_OBJC_ARC = YES;
				CLANG_ENABLE_OBJC_WEAK = YES;
				CLANG_WARN_BLOCK_CAPTURE_AUTORELEASING = YES;
				CLANG_WARN_BOOL_CONVERSION = YES;
				CLANG_WARN_COMMA = YES;
				CLANG_WARN_CONSTANT_CONVERSION = YES;
				CLANG_WARN_DEPRECATED_OBJC_IMPLEMENTATIONS = YES;
				CLANG_WARN_DIRECT_OBJC_ISA_USAGE = YES_ERROR;
				CLANG_WARN_DOCUMENTATION_COMMENTS = YES;
				CLANG_WARN_EMPTY_BODY = YES;
				CLANG_WARN_ENUM_CONVERSION = YES;
				CLANG_WARN_INFINITE_RECURSION = YES;
				CLANG_WARN_INT_CONVERSION = YES;
				CLANG_WARN_NON_LITERAL_NULL_CONVERSION = YES;
				CLANG_WARN_OBJC_IMPLICIT_RETAIN_SELF = YES;
				CLANG_WARN_OBJC_LITERAL_CONVERSION = YES;
				CLANG_WARN_OBJC_ROOT_CLASS = YES_ERROR;
				CLANG_WARN_RANGE_LOOP_ANALYSIS = YES;
				CLANG_WARN_STRICT_PROTOTYPES = YES;
				CLANG_WARN_SUSPICIOUS_MOVE = YES;
				CLANG_WARN_UNGUARDED_AVAILABILITY = YES_AGGRESSIVE;
				CLANG_WARN_UNREACHABLE_CODE = YES;
				CLANG_WARN__DUPLICATE_METHOD_MATCH = YES;
				COPY_PHASE_STRIP = NO;
				DEBUG_INFORMATION_FORMAT = dwarf;
				ENABLE_STRICT_OBJC_MSGSEND = YES;
				ENABLE_TESTABILITY = YES;
				GCC_C_LANGUAGE_STANDARD = gnu11;
				GCC_DYNAMIC_NO_PIC = NO;
				GCC_NO_COMMON_BLOCKS = YES;
				GCC_OPTIMIZATION_LEVEL = 0;
				GCC_PREPROCESSOR_DEFINITIONS = (
					"DEBUG=1",
					"$(inherited)",
				);
				GCC_WARN_64_TO_32_BIT_CONVERSION = YES;
				GCC_WARN_ABOUT_RETURN_TYPE = YES_ERROR;
				GCC_WARN_UNDECLARED_SELECTOR = YES;
				GCC_WARN_UNINITIALIZED_AUTOS = YES_AGGRESSIVE;
				GCC_WARN_UNUSED_FUNCTION = YES;
				GCC_WARN_UNUSED_VARIABLE = YES;
				IPHONEOS_DEPLOYMENT_TARGET = 13.6;
				MTL_ENABLE_DEBUG_INFO = INCLUDE_SOURCE;
				MTL_FAST_MATH = YES;
				ONLY_ACTIVE_ARCH = YES;
				SDKROOT = iphoneos;
				SWIFT_ACTIVE_COMPILATION_CONDITIONS = DEBUG;
				SWIFT_OPTIMIZATION_LEVEL = "-Onone";
			};
			name = Debug;
		};
		04EB3B0F24C6DAE600BD58DD /* Release */ = {
			isa = XCBuildConfiguration;
			buildSettings = {
				ALWAYS_SEARCH_USER_PATHS = NO;
				CLANG_ANALYZER_NONNULL = YES;
				CLANG_ANALYZER_NUMBER_OBJECT_CONVERSION = YES_AGGRESSIVE;
				CLANG_CXX_LANGUAGE_STANDARD = "gnu++14";
				CLANG_CXX_LIBRARY = "libc++";
				CLANG_ENABLE_MODULES = YES;
				CLANG_ENABLE_OBJC_ARC = YES;
				CLANG_ENABLE_OBJC_WEAK = YES;
				CLANG_WARN_BLOCK_CAPTURE_AUTORELEASING = YES;
				CLANG_WARN_BOOL_CONVERSION = YES;
				CLANG_WARN_COMMA = YES;
				CLANG_WARN_CONSTANT_CONVERSION = YES;
				CLANG_WARN_DEPRECATED_OBJC_IMPLEMENTATIONS = YES;
				CLANG_WARN_DIRECT_OBJC_ISA_USAGE = YES_ERROR;
				CLANG_WARN_DOCUMENTATION_COMMENTS = YES;
				CLANG_WARN_EMPTY_BODY = YES;
				CLANG_WARN_ENUM_CONVERSION = YES;
				CLANG_WARN_INFINITE_RECURSION = YES;
				CLANG_WARN_INT_CONVERSION = YES;
				CLANG_WARN_NON_LITERAL_NULL_CONVERSION = YES;
				CLANG_WARN_OBJC_IMPLICIT_RETAIN_SELF = YES;
				CLANG_WARN_OBJC_LITERAL_CONVERSION = YES;
				CLANG_WARN_OBJC_ROOT_CLASS = YES_ERROR;
				CLANG_WARN_RANGE_LOOP_ANALYSIS = YES;
				CLANG_WARN_STRICT_PROTOTYPES = YES;
				CLANG_WARN_SUSPICIOUS_MOVE = YES;
				CLANG_WARN_UNGUARDED_AVAILABILITY = YES_AGGRESSIVE;
				CLANG_WARN_UNREACHABLE_CODE = YES;
				CLANG_WARN__DUPLICATE_METHOD_MATCH = YES;
				COPY_PHASE_STRIP = NO;
				DEBUG_INFORMATION_FORMAT = "dwarf-with-dsym";
				ENABLE_NS_ASSERTIONS = NO;
				ENABLE_STRICT_OBJC_MSGSEND = YES;
				GCC_C_LANGUAGE_STANDARD = gnu11;
				GCC_NO_COMMON_BLOCKS = YES;
				GCC_WARN_64_TO_32_BIT_CONVERSION = YES;
				GCC_WARN_ABOUT_RETURN_TYPE = YES_ERROR;
				GCC_WARN_UNDECLARED_SELECTOR = YES;
				GCC_WARN_UNINITIALIZED_AUTOS = YES_AGGRESSIVE;
				GCC_WARN_UNUSED_FUNCTION = YES;
				GCC_WARN_UNUSED_VARIABLE = YES;
				IPHONEOS_DEPLOYMENT_TARGET = 13.6;
				MTL_ENABLE_DEBUG_INFO = NO;
				MTL_FAST_MATH = YES;
				SDKROOT = iphoneos;
				SWIFT_COMPILATION_MODE = wholemodule;
				SWIFT_OPTIMIZATION_LEVEL = "-O";
				VALIDATE_PRODUCT = YES;
			};
			name = Release;
		};
		04EB3B1124C6DAE600BD58DD /* Debug */ = {
			isa = XCBuildConfiguration;
			buildSettings = {
				ASSETCATALOG_COMPILER_APPICON_NAME = AppIcon;
				CODE_SIGN_STYLE = Automatic;
				DEVELOPMENT_TEAM = MDY39C55RJ;
				INFOPLIST_FILE = HighwayCode/Info.plist;
				LD_RUNPATH_SEARCH_PATHS = (
					"$(inherited)",
					"@executable_path/Frameworks",
				);
				PRODUCT_BUNDLE_IDENTIFIER = com.gagnant.HighwayCode;
				PRODUCT_NAME = "$(TARGET_NAME)";
				SWIFT_VERSION = 5.0;
				TARGETED_DEVICE_FAMILY = "1,2";
			};
			name = Debug;
		};
		04EB3B1224C6DAE600BD58DD /* Release */ = {
			isa = XCBuildConfiguration;
			buildSettings = {
				ASSETCATALOG_COMPILER_APPICON_NAME = AppIcon;
				CODE_SIGN_STYLE = Automatic;
				DEVELOPMENT_TEAM = MDY39C55RJ;
				INFOPLIST_FILE = HighwayCode/Info.plist;
				LD_RUNPATH_SEARCH_PATHS = (
					"$(inherited)",
					"@executable_path/Frameworks",
				);
				PRODUCT_BUNDLE_IDENTIFIER = com.gagnant.HighwayCode;
				PRODUCT_NAME = "$(TARGET_NAME)";
				SWIFT_VERSION = 5.0;
				TARGETED_DEVICE_FAMILY = "1,2";
			};
			name = Release;
		};
/* End XCBuildConfiguration section */

/* Begin XCConfigurationList section */
		04EB3AF724C6DAE100BD58DD /* Build configuration list for PBXProject "HighwayCode" */ = {
			isa = XCConfigurationList;
			buildConfigurations = (
				04EB3B0E24C6DAE600BD58DD /* Debug */,
				04EB3B0F24C6DAE600BD58DD /* Release */,
			);
			defaultConfigurationIsVisible = 0;
			defaultConfigurationName = Release;
		};
		04EB3B1024C6DAE600BD58DD /* Build configuration list for PBXNativeTarget "HighwayCode" */ = {
			isa = XCConfigurationList;
			buildConfigurations = (
				04EB3B1124C6DAE600BD58DD /* Debug */,
				04EB3B1224C6DAE600BD58DD /* Release */,
			);
			defaultConfigurationIsVisible = 0;
			defaultConfigurationName = Release;
		};
/* End XCConfigurationList section */
	};
	rootObject = 04EB3AF424C6DAE100BD58DD /* Project object */;
}
