// !$*UTF8*$!
{
	archiveVersion = 1;
	classes = {
	};
	objectVersion = 50;
	objects = {

/* Begin PBXBuildFile section */
		049E718C24C7282400F6508F /* CamerasViewController.swift in Sources */ = {isa = PBXBuildFile; fileRef = 049E718A24C7282400F6508F /* CamerasViewController.swift */; };
		049E718D24C7282400F6508F /* CamerasViewController.xib in Resources */ = {isa = PBXBuildFile; fileRef = 049E718B24C7282400F6508F /* CamerasViewController.xib */; };
		049E718F24C7283000F6508F /* ICamerasView.swift in Sources */ = {isa = PBXBuildFile; fileRef = 049E718E24C7283000F6508F /* ICamerasView.swift */; };
		049E719124C7284100F6508F /* ICamerasPresenter.swift in Sources */ = {isa = PBXBuildFile; fileRef = 049E719024C7284100F6508F /* ICamerasPresenter.swift */; };
		049E719324C7285000F6508F /* CamerasPresenter.swift in Sources */ = {isa = PBXBuildFile; fileRef = 049E719224C7285000F6508F /* CamerasPresenter.swift */; };
		049E719524C7286000F6508F /* CamerasBuilder.swift in Sources */ = {isa = PBXBuildFile; fileRef = 049E719424C7286000F6508F /* CamerasBuilder.swift */; };
		049E719824C7287A00F6508F /* CamerasViewModel.swift in Sources */ = {isa = PBXBuildFile; fileRef = 049E719724C7287A00F6508F /* CamerasViewModel.swift */; };
		049E719A24C7288A00F6508F /* CameraViewModel.swift in Sources */ = {isa = PBXBuildFile; fileRef = 049E719924C7288A00F6508F /* CameraViewModel.swift */; };
		049E719C24C7289B00F6508F /* CameraAnnotation.swift in Sources */ = {isa = PBXBuildFile; fileRef = 049E719B24C7289B00F6508F /* CameraAnnotation.swift */; };
		049E719F24C72C5500F6508F /* MapKit.framework in Frameworks */ = {isa = PBXBuildFile; fileRef = 049E719E24C72C5500F6508F /* MapKit.framework */; };
		049E71A124C72D0600F6508F /* Camera.swift in Sources */ = {isa = PBXBuildFile; fileRef = 049E71A024C72D0600F6508F /* Camera.swift */; };
		049E71A324C7369900F6508F /* CLLocationCoordinate2D+Extensions.swift in Sources */ = {isa = PBXBuildFile; fileRef = 049E71A224C7369900F6508F /* CLLocationCoordinate2D+Extensions.swift */; };
		049E71A824C73CE600F6508F /* Localizable.strings in Resources */ = {isa = PBXBuildFile; fileRef = 049E71AA24C73CE600F6508F /* Localizable.strings */; };
		049E71AC24C741BF00F6508F /* Cameras.swift in Sources */ = {isa = PBXBuildFile; fileRef = 049E71AB24C741BF00F6508F /* Cameras.swift */; };
		04AF61AA24C7438D009E93F3 /* RemoteCamerasService.swift in Sources */ = {isa = PBXBuildFile; fileRef = 04AF61A924C7438D009E93F3 /* RemoteCamerasService.swift */; };
		04AF61AF24C767D7009E93F3 /* ResolutionsService.swift in Sources */ = {isa = PBXBuildFile; fileRef = 04AF61AE24C767D7009E93F3 /* ResolutionsService.swift */; };
		04AF61B124C83A62009E93F3 /* Subscription.swift in Sources */ = {isa = PBXBuildFile; fileRef = 04AF61B024C83A62009E93F3 /* Subscription.swift */; };
		04AF61B324C83A81009E93F3 /* Vehicle.swift in Sources */ = {isa = PBXBuildFile; fileRef = 04AF61B224C83A81009E93F3 /* Vehicle.swift */; };
		04AF61B624C83AD4009E93F3 /* Resource.swift in Sources */ = {isa = PBXBuildFile; fileRef = 04AF61B524C83AD4009E93F3 /* Resource.swift */; };
		04AF61B824C83AF4009E93F3 /* AnyResource.swift in Sources */ = {isa = PBXBuildFile; fileRef = 04AF61B724C83AF4009E93F3 /* AnyResource.swift */; };
		04AF61BA24C83B14009E93F3 /* Resolution.swift in Sources */ = {isa = PBXBuildFile; fileRef = 04AF61B924C83B14009E93F3 /* Resolution.swift */; };
		04AF61BC24C83B34009E93F3 /* ResolutionMedia.swift in Sources */ = {isa = PBXBuildFile; fileRef = 04AF61BB24C83B34009E93F3 /* ResolutionMedia.swift */; };
		04AF61C724C85620009E93F3 /* VehicleSubscriptionViewModel.swift in Sources */ = {isa = PBXBuildFile; fileRef = 04AF61C624C85620009E93F3 /* VehicleSubscriptionViewModel.swift */; };
		04AF61CA24C8568F009E93F3 /* VehicleSubscriptionViewController.swift in Sources */ = {isa = PBXBuildFile; fileRef = 04AF61C924C8568F009E93F3 /* VehicleSubscriptionViewController.swift */; };
		04AF61CC24C85698009E93F3 /* VehicleSubscriptionViewController.xib in Resources */ = {isa = PBXBuildFile; fileRef = 04AF61CB24C85698009E93F3 /* VehicleSubscriptionViewController.xib */; };
		04AF61CE24C856AA009E93F3 /* VehicleSubscriptionPresenter.swift in Sources */ = {isa = PBXBuildFile; fileRef = 04AF61CD24C856AA009E93F3 /* VehicleSubscriptionPresenter.swift */; };
		04AF61D024C856BD009E93F3 /* VehicleSubscriptionRouter.swift in Sources */ = {isa = PBXBuildFile; fileRef = 04AF61CF24C856BD009E93F3 /* VehicleSubscriptionRouter.swift */; };
		04AF61D224C856CF009E93F3 /* VehicleSubscriptionBuilder.swift in Sources */ = {isa = PBXBuildFile; fileRef = 04AF61D124C856CF009E93F3 /* VehicleSubscriptionBuilder.swift */; };
		04BE415024C6DFFF00673E45 /* RequestContent.swift in Sources */ = {isa = PBXBuildFile; fileRef = 04BE414024C6DFFF00673E45 /* RequestContent.swift */; };
		04BE415124C6DFFF00673E45 /* HttpConnector.swift in Sources */ = {isa = PBXBuildFile; fileRef = 04BE414124C6DFFF00673E45 /* HttpConnector.swift */; };
		04BE415624C6DFFF00673E45 /* Request.swift in Sources */ = {isa = PBXBuildFile; fileRef = 04BE414824C6DFFF00673E45 /* Request.swift */; };
		04BE415924C6DFFF00673E45 /* StringContent.swift in Sources */ = {isa = PBXBuildFile; fileRef = 04BE414C24C6DFFF00673E45 /* StringContent.swift */; };
		04BE415A24C6DFFF00673E45 /* RawDataContent.swift in Sources */ = {isa = PBXBuildFile; fileRef = 04BE414D24C6DFFF00673E45 /* RawDataContent.swift */; };
		04BE415B24C6DFFF00673E45 /* HttpSessionConnector.swift in Sources */ = {isa = PBXBuildFile; fileRef = 04BE414E24C6DFFF00673E45 /* HttpSessionConnector.swift */; };
		04BE415D24C6E0C100673E45 /* ServiceError.swift in Sources */ = {isa = PBXBuildFile; fileRef = 04BE415C24C6E0C100673E45 /* ServiceError.swift */; };
		04BE416324C6E3FD00673E45 /* HttpConnectorTask.swift in Sources */ = {isa = PBXBuildFile; fileRef = 04BE416224C6E3FD00673E45 /* HttpConnectorTask.swift */; };
		04BE416524C6E40F00673E45 /* AnyHttpConnectorTask.swift in Sources */ = {isa = PBXBuildFile; fileRef = 04BE416424C6E40F00673E45 /* AnyHttpConnectorTask.swift */; };
		04BE416924C6E72D00673E45 /* TopLevelDecoder.swift in Sources */ = {isa = PBXBuildFile; fileRef = 04BE416724C6E72D00673E45 /* TopLevelDecoder.swift */; };
		04BE416A24C6E72D00673E45 /* AnyTopLevelDecoder.swift in Sources */ = {isa = PBXBuildFile; fileRef = 04BE416824C6E72D00673E45 /* AnyTopLevelDecoder.swift */; };
		04BE416D24C6F07200673E45 /* Core.swift in Sources */ = {isa = PBXBuildFile; fileRef = 04BE416C24C6F07200673E45 /* Core.swift */; };
		04BE416F24C6F0EE00673E45 /* ConnectorManager.swift in Sources */ = {isa = PBXBuildFile; fileRef = 04BE416E24C6F0EE00673E45 /* ConnectorManager.swift */; };
		04BE417524C6F13700673E45 /* CamerasService.swift in Sources */ = {isa = PBXBuildFile; fileRef = 04BE417424C6F13700673E45 /* CamerasService.swift */; };
		04E1471A24C8609200313D01 /* IVehicleSubscriptionView.swift in Sources */ = {isa = PBXBuildFile; fileRef = 04E1471724C8609200313D01 /* IVehicleSubscriptionView.swift */; };
		04E1471B24C8609200313D01 /* IVehicleSubscriptionPresenter.swift in Sources */ = {isa = PBXBuildFile; fileRef = 04E1471824C8609200313D01 /* IVehicleSubscriptionPresenter.swift */; };
		04E1471C24C8609200313D01 /* IVehicleSubscriptionRouter.swift in Sources */ = {isa = PBXBuildFile; fileRef = 04E1471924C8609200313D01 /* IVehicleSubscriptionRouter.swift */; };
		04E1471E24C8623E00313D01 /* NVActivityIndicatorViewExtended.framework in Frameworks */ = {isa = PBXBuildFile; fileRef = 04E1471D24C8623E00313D01 /* NVActivityIndicatorViewExtended.framework */; };
		04E1471F24C86B8D00313D01 /* NVActivityIndicatorView.framework in Frameworks */ = {isa = PBXBuildFile; fileRef = 04AF61D424C85F59009E93F3 /* NVActivityIndicatorView.framework */; };
		04EB3B0024C6DAE100BD58DD /* AppDelegate.swift in Sources */ = {isa = PBXBuildFile; fileRef = 04EB3AFF24C6DAE100BD58DD /* AppDelegate.swift */; };
		04EB3B0924C6DAE600BD58DD /* Assets.xcassets in Resources */ = {isa = PBXBuildFile; fileRef = 04EB3B0824C6DAE600BD58DD /* Assets.xcassets */; };
		04EB3B0C24C6DAE600BD58DD /* LaunchScreen.storyboard in Resources */ = {isa = PBXBuildFile; fileRef = 04EB3B0A24C6DAE600BD58DD /* LaunchScreen.storyboard */; };
/* End PBXBuildFile section */

/* Begin PBXFileReference section */
		049E718A24C7282400F6508F /* CamerasViewController.swift */ = {isa = PBXFileReference; fileEncoding = 4; lastKnownFileType = sourcecode.swift; path = CamerasViewController.swift; sourceTree = "<group>"; };
		049E718B24C7282400F6508F /* CamerasViewController.xib */ = {isa = PBXFileReference; fileEncoding = 4; lastKnownFileType = file.xib; path = CamerasViewController.xib; sourceTree = "<group>"; };
		049E718E24C7283000F6508F /* ICamerasView.swift */ = {isa = PBXFileReference; lastKnownFileType = sourcecode.swift; path = ICamerasView.swift; sourceTree = "<group>"; };
		049E719024C7284100F6508F /* ICamerasPresenter.swift */ = {isa = PBXFileReference; lastKnownFileType = sourcecode.swift; path = ICamerasPresenter.swift; sourceTree = "<group>"; };
		049E719224C7285000F6508F /* CamerasPresenter.swift */ = {isa = PBXFileReference; lastKnownFileType = sourcecode.swift; path = CamerasPresenter.swift; sourceTree = "<group>"; };
		049E719424C7286000F6508F /* CamerasBuilder.swift */ = {isa = PBXFileReference; lastKnownFileType = sourcecode.swift; path = CamerasBuilder.swift; sourceTree = "<group>"; };
		049E719724C7287A00F6508F /* CamerasViewModel.swift */ = {isa = PBXFileReference; lastKnownFileType = sourcecode.swift; path = CamerasViewModel.swift; sourceTree = "<group>"; };
		049E719924C7288A00F6508F /* CameraViewModel.swift */ = {isa = PBXFileReference; lastKnownFileType = sourcecode.swift; path = CameraViewModel.swift; sourceTree = "<group>"; };
		049E719B24C7289B00F6508F /* CameraAnnotation.swift */ = {isa = PBXFileReference; lastKnownFileType = sourcecode.swift; path = CameraAnnotation.swift; sourceTree = "<group>"; };
		049E719E24C72C5500F6508F /* MapKit.framework */ = {isa = PBXFileReference; lastKnownFileType = wrapper.framework; name = MapKit.framework; path = System/Library/Frameworks/MapKit.framework; sourceTree = SDKROOT; };
		049E71A024C72D0600F6508F /* Camera.swift */ = {isa = PBXFileReference; lastKnownFileType = sourcecode.swift; path = Camera.swift; sourceTree = "<group>"; };
		049E71A224C7369900F6508F /* CLLocationCoordinate2D+Extensions.swift */ = {isa = PBXFileReference; lastKnownFileType = sourcecode.swift; path = "CLLocationCoordinate2D+Extensions.swift"; sourceTree = "<group>"; };
		049E71A924C73CE600F6508F /* en */ = {isa = PBXFileReference; lastKnownFileType = text.plist.strings; name = en; path = en.lproj/Localizable.strings; sourceTree = "<group>"; };
		049E71AB24C741BF00F6508F /* Cameras.swift */ = {isa = PBXFileReference; lastKnownFileType = sourcecode.swift; path = Cameras.swift; sourceTree = "<group>"; };
		04AF61A924C7438D009E93F3 /* RemoteCamerasService.swift */ = {isa = PBXFileReference; lastKnownFileType = sourcecode.swift; path = RemoteCamerasService.swift; sourceTree = "<group>"; };
		04AF61AE24C767D7009E93F3 /* ResolutionsService.swift */ = {isa = PBXFileReference; lastKnownFileType = sourcecode.swift; path = ResolutionsService.swift; sourceTree = "<group>"; };
		04AF61B024C83A62009E93F3 /* Subscription.swift */ = {isa = PBXFileReference; lastKnownFileType = sourcecode.swift; path = Subscription.swift; sourceTree = "<group>"; };
		04AF61B224C83A81009E93F3 /* Vehicle.swift */ = {isa = PBXFileReference; lastKnownFileType = sourcecode.swift; path = Vehicle.swift; sourceTree = "<group>"; };
		04AF61B524C83AD4009E93F3 /* Resource.swift */ = {isa = PBXFileReference; lastKnownFileType = sourcecode.swift; path = Resource.swift; sourceTree = "<group>"; };
		04AF61B724C83AF4009E93F3 /* AnyResource.swift */ = {isa = PBXFileReference; lastKnownFileType = sourcecode.swift; path = AnyResource.swift; sourceTree = "<group>"; };
		04AF61B924C83B14009E93F3 /* Resolution.swift */ = {isa = PBXFileReference; lastKnownFileType = sourcecode.swift; path = Resolution.swift; sourceTree = "<group>"; };
		04AF61BB24C83B34009E93F3 /* ResolutionMedia.swift */ = {isa = PBXFileReference; lastKnownFileType = sourcecode.swift; path = ResolutionMedia.swift; sourceTree = "<group>"; };
		04AF61C624C85620009E93F3 /* VehicleSubscriptionViewModel.swift */ = {isa = PBXFileReference; lastKnownFileType = sourcecode.swift; path = VehicleSubscriptionViewModel.swift; sourceTree = "<group>"; };
		04AF61C924C8568F009E93F3 /* VehicleSubscriptionViewController.swift */ = {isa = PBXFileReference; lastKnownFileType = sourcecode.swift; path = VehicleSubscriptionViewController.swift; sourceTree = "<group>"; };
		04AF61CB24C85698009E93F3 /* VehicleSubscriptionViewController.xib */ = {isa = PBXFileReference; lastKnownFileType = file.xib; path = VehicleSubscriptionViewController.xib; sourceTree = "<group>"; };
		04AF61CD24C856AA009E93F3 /* VehicleSubscriptionPresenter.swift */ = {isa = PBXFileReference; lastKnownFileType = sourcecode.swift; path = VehicleSubscriptionPresenter.swift; sourceTree = "<group>"; };
		04AF61CF24C856BD009E93F3 /* VehicleSubscriptionRouter.swift */ = {isa = PBXFileReference; lastKnownFileType = sourcecode.swift; path = VehicleSubscriptionRouter.swift; sourceTree = "<group>"; };
		04AF61D124C856CF009E93F3 /* VehicleSubscriptionBuilder.swift */ = {isa = PBXFileReference; lastKnownFileType = sourcecode.swift; path = VehicleSubscriptionBuilder.swift; sourceTree = "<group>"; };
		04AF61D424C85F59009E93F3 /* NVActivityIndicatorView.framework */ = {isa = PBXFileReference; lastKnownFileType = wrapper.framework; name = NVActivityIndicatorView.framework; path = Carthage/Build/iOS/NVActivityIndicatorView.framework; sourceTree = "<group>"; };
		04BE414024C6DFFF00673E45 /* RequestContent.swift */ = {isa = PBXFileReference; fileEncoding = 4; lastKnownFileType = sourcecode.swift; path = RequestContent.swift; sourceTree = "<group>"; };
		04BE414124C6DFFF00673E45 /* HttpConnector.swift */ = {isa = PBXFileReference; fileEncoding = 4; lastKnownFileType = sourcecode.swift; path = HttpConnector.swift; sourceTree = "<group>"; };
		04BE414824C6DFFF00673E45 /* Request.swift */ = {isa = PBXFileReference; fileEncoding = 4; lastKnownFileType = sourcecode.swift; path = Request.swift; sourceTree = "<group>"; };
		04BE414C24C6DFFF00673E45 /* StringContent.swift */ = {isa = PBXFileReference; fileEncoding = 4; lastKnownFileType = sourcecode.swift; path = StringContent.swift; sourceTree = "<group>"; };
		04BE414D24C6DFFF00673E45 /* RawDataContent.swift */ = {isa = PBXFileReference; fileEncoding = 4; lastKnownFileType = sourcecode.swift; path = RawDataContent.swift; sourceTree = "<group>"; };
		04BE414E24C6DFFF00673E45 /* HttpSessionConnector.swift */ = {isa = PBXFileReference; fileEncoding = 4; lastKnownFileType = sourcecode.swift; path = HttpSessionConnector.swift; sourceTree = "<group>"; };
		04BE415C24C6E0C100673E45 /* ServiceError.swift */ = {isa = PBXFileReference; fileEncoding = 4; lastKnownFileType = sourcecode.swift; path = ServiceError.swift; sourceTree = "<group>"; };
		04BE416224C6E3FD00673E45 /* HttpConnectorTask.swift */ = {isa = PBXFileReference; lastKnownFileType = sourcecode.swift; path = HttpConnectorTask.swift; sourceTree = "<group>"; };
		04BE416424C6E40F00673E45 /* AnyHttpConnectorTask.swift */ = {isa = PBXFileReference; lastKnownFileType = sourcecode.swift; path = AnyHttpConnectorTask.swift; sourceTree = "<group>"; };
		04BE416724C6E72D00673E45 /* TopLevelDecoder.swift */ = {isa = PBXFileReference; fileEncoding = 4; lastKnownFileType = sourcecode.swift; path = TopLevelDecoder.swift; sourceTree = "<group>"; };
		04BE416824C6E72D00673E45 /* AnyTopLevelDecoder.swift */ = {isa = PBXFileReference; fileEncoding = 4; lastKnownFileType = sourcecode.swift; path = AnyTopLevelDecoder.swift; sourceTree = "<group>"; };
		04BE416C24C6F07200673E45 /* Core.swift */ = {isa = PBXFileReference; fileEncoding = 4; lastKnownFileType = sourcecode.swift; path = Core.swift; sourceTree = "<group>"; };
		04BE416E24C6F0EE00673E45 /* ConnectorManager.swift */ = {isa = PBXFileReference; lastKnownFileType = sourcecode.swift; path = ConnectorManager.swift; sourceTree = "<group>"; };
		04BE417424C6F13700673E45 /* CamerasService.swift */ = {isa = PBXFileReference; lastKnownFileType = sourcecode.swift; path = CamerasService.swift; sourceTree = "<group>"; };
		04E1471724C8609200313D01 /* IVehicleSubscriptionView.swift */ = {isa = PBXFileReference; fileEncoding = 4; lastKnownFileType = sourcecode.swift; path = IVehicleSubscriptionView.swift; sourceTree = "<group>"; };
		04E1471824C8609200313D01 /* IVehicleSubscriptionPresenter.swift */ = {isa = PBXFileReference; fileEncoding = 4; lastKnownFileType = sourcecode.swift; path = IVehicleSubscriptionPresenter.swift; sourceTree = "<group>"; };
		04E1471924C8609200313D01 /* IVehicleSubscriptionRouter.swift */ = {isa = PBXFileReference; fileEncoding = 4; lastKnownFileType = sourcecode.swift; path = IVehicleSubscriptionRouter.swift; sourceTree = "<group>"; };
		04E1471D24C8623E00313D01 /* NVActivityIndicatorViewExtended.framework */ = {isa = PBXFileReference; lastKnownFileType = wrapper.framework; name = NVActivityIndicatorViewExtended.framework; path = Carthage/Build/iOS/NVActivityIndicatorViewExtended.framework; sourceTree = "<group>"; };
		04EB3AFC24C6DAE100BD58DD /* HighwayCode.app */ = {isa = PBXFileReference; explicitFileType = wrapper.application; includeInIndex = 0; path = HighwayCode.app; sourceTree = BUILT_PRODUCTS_DIR; };
		04EB3AFF24C6DAE100BD58DD /* AppDelegate.swift */ = {isa = PBXFileReference; lastKnownFileType = sourcecode.swift; path = AppDelegate.swift; sourceTree = "<group>"; };
		04EB3B0824C6DAE600BD58DD /* Assets.xcassets */ = {isa = PBXFileReference; lastKnownFileType = folder.assetcatalog; path = Assets.xcassets; sourceTree = "<group>"; };
		04EB3B0B24C6DAE600BD58DD /* Base */ = {isa = PBXFileReference; lastKnownFileType = file.storyboard; name = Base; path = Base.lproj/LaunchScreen.storyboard; sourceTree = "<group>"; };
		04EB3B0D24C6DAE600BD58DD /* Info.plist */ = {isa = PBXFileReference; lastKnownFileType = text.plist.xml; path = Info.plist; sourceTree = "<group>"; };
/* End PBXFileReference section */

/* Begin PBXFrameworksBuildPhase section */
		04EB3AF924C6DAE100BD58DD /* Frameworks */ = {
			isa = PBXFrameworksBuildPhase;
			buildActionMask = 2147483647;
			files = (
				049E719F24C72C5500F6508F /* MapKit.framework in Frameworks */,
				04E1471F24C86B8D00313D01 /* NVActivityIndicatorView.framework in Frameworks */,
				04E1471E24C8623E00313D01 /* NVActivityIndicatorViewExtended.framework in Frameworks */,
			);
			runOnlyForDeploymentPostprocessing = 0;
		};
/* End PBXFrameworksBuildPhase section */

/* Begin PBXGroup section */
		049E718724C727E700F6508F /* Controller */ = {
			isa = PBXGroup;
			children = (
				049E718A24C7282400F6508F /* CamerasViewController.swift */,
				049E718B24C7282400F6508F /* CamerasViewController.xib */,
			);
			path = Controller;
			sourceTree = "<group>";
		};
		049E719624C7287200F6508F /* Models */ = {
			isa = PBXGroup;
			children = (
				049E719724C7287A00F6508F /* CamerasViewModel.swift */,
				049E719924C7288A00F6508F /* CameraViewModel.swift */,
			);
			path = Models;
			sourceTree = "<group>";
		};
		049E719D24C72C5500F6508F /* Frameworks */ = {
			isa = PBXGroup;
			children = (
				04E1471D24C8623E00313D01 /* NVActivityIndicatorViewExtended.framework */,
				04AF61D424C85F59009E93F3 /* NVActivityIndicatorView.framework */,
				049E719E24C72C5500F6508F /* MapKit.framework */,
			);
			name = Frameworks;
			sourceTree = "<group>";
		};
		049E71AD24C7421E00F6508F /* Models */ = {
			isa = PBXGroup;
			children = (
				04BE415C24C6E0C100673E45 /* ServiceError.swift */,
				04AF61B724C83AF4009E93F3 /* AnyResource.swift */,
			);
			path = Models;
			sourceTree = "<group>";
		};
		049E71AE24C7424500F6508F /* Shared */ = {
			isa = PBXGroup;
			children = (
				04AF61B424C83AC6009E93F3 /* Protocols */,
				049E71AD24C7421E00F6508F /* Models */,
			);
			path = Shared;
			sourceTree = "<group>";
		};
		04AF61AB24C767B4009E93F3 /* Resolutions */ = {
			isa = PBXGroup;
			children = (
				04AF61AC24C767C2009E93F3 /* Models */,
				04AF61AD24C767C7009E93F3 /* Protocols */,
			);
			path = Resolutions;
			sourceTree = "<group>";
		};
		04AF61AC24C767C2009E93F3 /* Models */ = {
			isa = PBXGroup;
			children = (
				04AF61B024C83A62009E93F3 /* Subscription.swift */,
				04AF61B224C83A81009E93F3 /* Vehicle.swift */,
				04AF61B924C83B14009E93F3 /* Resolution.swift */,
				04AF61BB24C83B34009E93F3 /* ResolutionMedia.swift */,
			);
			path = Models;
			sourceTree = "<group>";
		};
		04AF61AD24C767C7009E93F3 /* Protocols */ = {
			isa = PBXGroup;
			children = (
				04AF61AE24C767D7009E93F3 /* ResolutionsService.swift */,
			);
			path = Protocols;
			sourceTree = "<group>";
		};
		04AF61B424C83AC6009E93F3 /* Protocols */ = {
			isa = PBXGroup;
			children = (
				04AF61B524C83AD4009E93F3 /* Resource.swift */,
			);
			path = Protocols;
			sourceTree = "<group>";
		};
		04AF61BD24C85422009E93F3 /* VehicleSubscription */ = {
			isa = PBXGroup;
			children = (
				04AF61BF24C85481009E93F3 /* Models */,
				04AF61BE24C8547D009E93F3 /* Protocols */,
				04AF61D124C856CF009E93F3 /* VehicleSubscriptionBuilder.swift */,
				04AF61CD24C856AA009E93F3 /* VehicleSubscriptionPresenter.swift */,
				04AF61CF24C856BD009E93F3 /* VehicleSubscriptionRouter.swift */,
				04AF61C824C85683009E93F3 /* Controller */,
			);
			path = VehicleSubscription;
			sourceTree = "<group>";
		};
		04AF61BE24C8547D009E93F3 /* Protocols */ = {
			isa = PBXGroup;
			children = (
				04E1471824C8609200313D01 /* IVehicleSubscriptionPresenter.swift */,
				04E1471924C8609200313D01 /* IVehicleSubscriptionRouter.swift */,
				04E1471724C8609200313D01 /* IVehicleSubscriptionView.swift */,
			);
			path = Protocols;
			sourceTree = "<group>";
		};
		04AF61BF24C85481009E93F3 /* Models */ = {
			isa = PBXGroup;
			children = (
				04AF61C624C85620009E93F3 /* VehicleSubscriptionViewModel.swift */,
			);
			path = Models;
			sourceTree = "<group>";
		};
		04AF61C824C85683009E93F3 /* Controller */ = {
			isa = PBXGroup;
			children = (
				04AF61C924C8568F009E93F3 /* VehicleSubscriptionViewController.swift */,
				04AF61CB24C85698009E93F3 /* VehicleSubscriptionViewController.xib */,
			);
			path = Controller;
			sourceTree = "<group>";
		};
		04BE413C24C6DFE800673E45 /* Connectors */ = {
			isa = PBXGroup;
			children = (
				04BE413D24C6DFEE00673E45 /* HttpConnector */,
			);
			path = Connectors;
			sourceTree = "<group>";
		};
		04BE413D24C6DFEE00673E45 /* HttpConnector */ = {
			isa = PBXGroup;
			children = (
				04BE414A24C6DFFF00673E45 /* Content */,
				04BE414724C6DFFF00673E45 /* Models */,
				04BE413E24C6DFFF00673E45 /* Protocols */,
				04BE414E24C6DFFF00673E45 /* HttpSessionConnector.swift */,
			);
			path = HttpConnector;
			sourceTree = "<group>";
		};
		04BE413E24C6DFFF00673E45 /* Protocols */ = {
			isa = PBXGroup;
			children = (
				04BE414024C6DFFF00673E45 /* RequestContent.swift */,
				04BE414124C6DFFF00673E45 /* HttpConnector.swift */,
				04BE416224C6E3FD00673E45 /* HttpConnectorTask.swift */,
			);
			path = Protocols;
			sourceTree = "<group>";
		};
		04BE414724C6DFFF00673E45 /* Models */ = {
			isa = PBXGroup;
			children = (
				04BE414824C6DFFF00673E45 /* Request.swift */,
				04BE416424C6E40F00673E45 /* AnyHttpConnectorTask.swift */,
			);
			path = Models;
			sourceTree = "<group>";
		};
		04BE414A24C6DFFF00673E45 /* Content */ = {
			isa = PBXGroup;
			children = (
				04BE414C24C6DFFF00673E45 /* StringContent.swift */,
				04BE414D24C6DFFF00673E45 /* RawDataContent.swift */,
			);
			path = Content;
			sourceTree = "<group>";
		};
		04BE416024C6E14400673E45 /* Shared */ = {
			isa = PBXGroup;
			children = (
				04BE416C24C6F07200673E45 /* Core.swift */,
				04BE416E24C6F0EE00673E45 /* ConnectorManager.swift */,
				04BE416124C6E14A00673E45 /* Protocols */,
			);
			path = Shared;
			sourceTree = "<group>";
		};
		04BE416124C6E14A00673E45 /* Protocols */ = {
			isa = PBXGroup;
			children = (
			);
			path = Protocols;
			sourceTree = "<group>";
		};
		04BE416624C6E72D00673E45 /* TopLevelDecoder */ = {
			isa = PBXGroup;
			children = (
				04BE416724C6E72D00673E45 /* TopLevelDecoder.swift */,
				04BE416824C6E72D00673E45 /* AnyTopLevelDecoder.swift */,
			);
			path = TopLevelDecoder;
			sourceTree = "<group>";
		};
		04BE416B24C6E73000673E45 /* Utils */ = {
			isa = PBXGroup;
			children = (
				04BE416624C6E72D00673E45 /* TopLevelDecoder */,
			);
			path = Utils;
			sourceTree = "<group>";
		};
		04BE417024C6F10E00673E45 /* Services */ = {
			isa = PBXGroup;
			children = (
				049E71AE24C7424500F6508F /* Shared */,
				04BE417124C6F12200673E45 /* Cameras */,
				04AF61AB24C767B4009E93F3 /* Resolutions */,
			);
			path = Services;
			sourceTree = "<group>";
		};
		04BE417124C6F12200673E45 /* Cameras */ = {
			isa = PBXGroup;
			children = (
				04BE417324C6F12C00673E45 /* Models */,
				04BE417224C6F12700673E45 /* Protocols */,
				04AF61A924C7438D009E93F3 /* RemoteCamerasService.swift */,
			);
			path = Cameras;
			sourceTree = "<group>";
		};
		04BE417224C6F12700673E45 /* Protocols */ = {
			isa = PBXGroup;
			children = (
				04BE417424C6F13700673E45 /* CamerasService.swift */,
			);
			path = Protocols;
			sourceTree = "<group>";
		};
		04BE417324C6F12C00673E45 /* Models */ = {
			isa = PBXGroup;
			children = (
				049E71A024C72D0600F6508F /* Camera.swift */,
				049E71AB24C741BF00F6508F /* Cameras.swift */,
			);
			path = Models;
			sourceTree = "<group>";
		};
		04BE417624C6F31800673E45 /* Cameras */ = {
			isa = PBXGroup;
			children = (
				04BE417724C6F31D00673E45 /* Protocols */,
				049E719624C7287200F6508F /* Models */,
				049E718724C727E700F6508F /* Controller */,
				049E719224C7285000F6508F /* CamerasPresenter.swift */,
				049E719424C7286000F6508F /* CamerasBuilder.swift */,
				049E719B24C7289B00F6508F /* CameraAnnotation.swift */,
			);
			path = Cameras;
			sourceTree = "<group>";
		};
		04BE417724C6F31D00673E45 /* Protocols */ = {
			isa = PBXGroup;
			children = (
				049E718E24C7283000F6508F /* ICamerasView.swift */,
				049E719024C7284100F6508F /* ICamerasPresenter.swift */,
			);
			path = Protocols;
			sourceTree = "<group>";
		};
		04EB3AF324C6DAE100BD58DD = {
			isa = PBXGroup;
			children = (
				04EB3AFE24C6DAE100BD58DD /* HighwayCode */,
				04EB3AFD24C6DAE100BD58DD /* Products */,
				049E719D24C72C5500F6508F /* Frameworks */,
			);
			sourceTree = "<group>";
		};
		04EB3AFD24C6DAE100BD58DD /* Products */ = {
			isa = PBXGroup;
			children = (
				04EB3AFC24C6DAE100BD58DD /* HighwayCode.app */,
			);
			name = Products;
			sourceTree = "<group>";
		};
		04EB3AFE24C6DAE100BD58DD /* HighwayCode */ = {
			isa = PBXGroup;
			children = (
				04EB3B1724C6DC4300BD58DD /* Resources */,
				04EB3B1824C6DC4600BD58DD /* Sources */,
			);
			path = HighwayCode;
			sourceTree = "<group>";
		};
		04EB3B1324C6DC1D00BD58DD /* Application */ = {
			isa = PBXGroup;
			children = (
				04EB3AFF24C6DAE100BD58DD /* AppDelegate.swift */,
			);
			path = Application;
			sourceTree = "<group>";
		};
		04EB3B1424C6DC2300BD58DD /* Core */ = {
			isa = PBXGroup;
			children = (
				04BE416024C6E14400673E45 /* Shared */,
				04BE413C24C6DFE800673E45 /* Connectors */,
				04BE417024C6F10E00673E45 /* Services */,
				04BE416B24C6E73000673E45 /* Utils */,
			);
			path = Core;
			sourceTree = "<group>";
		};
		04EB3B1524C6DC2800BD58DD /* UI */ = {
			isa = PBXGroup;
			children = (
				04BE417624C6F31800673E45 /* Cameras */,
				04AF61BD24C85422009E93F3 /* VehicleSubscription */,
			);
			path = UI;
			sourceTree = "<group>";
		};
		04EB3B1624C6DC2E00BD58DD /* Utils */ = {
			isa = PBXGroup;
			children = (
				049E71A224C7369900F6508F /* CLLocationCoordinate2D+Extensions.swift */,
			);
			path = Utils;
			sourceTree = "<group>";
		};
		04EB3B1724C6DC4300BD58DD /* Resources */ = {
			isa = PBXGroup;
			children = (
				04EB3B0A24C6DAE600BD58DD /* LaunchScreen.storyboard */,
				04EB3B0D24C6DAE600BD58DD /* Info.plist */,
				04EB3B0824C6DAE600BD58DD /* Assets.xcassets */,
				049E71AA24C73CE600F6508F /* Localizable.strings */,
			);
			path = Resources;
			sourceTree = "<group>";
		};
		04EB3B1824C6DC4600BD58DD /* Sources */ = {
			isa = PBXGroup;
			children = (
				04EB3B1324C6DC1D00BD58DD /* Application */,
				04EB3B1424C6DC2300BD58DD /* Core */,
				04EB3B1524C6DC2800BD58DD /* UI */,
				04EB3B1624C6DC2E00BD58DD /* Utils */,
			);
			path = Sources;
			sourceTree = "<group>";
		};
/* End PBXGroup section */

/* Begin PBXNativeTarget section */
		04EB3AFB24C6DAE100BD58DD /* HighwayCode */ = {
			isa = PBXNativeTarget;
			buildConfigurationList = 04EB3B1024C6DAE600BD58DD /* Build configuration list for PBXNativeTarget "HighwayCode" */;
			buildPhases = (
				04EB3AF824C6DAE100BD58DD /* Sources */,
				04EB3AF924C6DAE100BD58DD /* Frameworks */,
				04EB3AFA24C6DAE100BD58DD /* Resources */,
				04AF61D324C85EF4009E93F3 /* Carthage */,
			);
			buildRules = (
			);
			dependencies = (
			);
			name = HighwayCode;
			productName = HighwayCode;
			productReference = 04EB3AFC24C6DAE100BD58DD /* HighwayCode.app */;
			productType = "com.apple.product-type.application";
		};
/* End PBXNativeTarget section */

/* Begin PBXProject section */
		04EB3AF424C6DAE100BD58DD /* Project object */ = {
			isa = PBXProject;
			attributes = {
				LastSwiftUpdateCheck = 1160;
				LastUpgradeCheck = 1160;
				ORGANIZATIONNAME = Gagnant;
				TargetAttributes = {
					04EB3AFB24C6DAE100BD58DD = {
						CreatedOnToolsVersion = 11.6;
					};
				};
			};
			buildConfigurationList = 04EB3AF724C6DAE100BD58DD /* Build configuration list for PBXProject "HighwayCode" */;
			compatibilityVersion = "Xcode 9.3";
			developmentRegion = en;
			hasScannedForEncodings = 0;
			knownRegions = (
				en,
				Base,
			);
			mainGroup = 04EB3AF324C6DAE100BD58DD;
			productRefGroup = 04EB3AFD24C6DAE100BD58DD /* Products */;
			projectDirPath = "";
			projectRoot = "";
			targets = (
				04EB3AFB24C6DAE100BD58DD /* HighwayCode */,
			);
		};
/* End PBXProject section */

/* Begin PBXResourcesBuildPhase section */
		04EB3AFA24C6DAE100BD58DD /* Resources */ = {
			isa = PBXResourcesBuildPhase;
			buildActionMask = 2147483647;
			files = (
				04EB3B0C24C6DAE600BD58DD /* LaunchScreen.storyboard in Resources */,
				049E71A824C73CE600F6508F /* Localizable.strings in Resources */,
				04AF61CC24C85698009E93F3 /* VehicleSubscriptionViewController.xib in Resources */,
				04EB3B0924C6DAE600BD58DD /* Assets.xcassets in Resources */,
				049E718D24C7282400F6508F /* CamerasViewController.xib in Resources */,
			);
			runOnlyForDeploymentPostprocessing = 0;
		};
/* End PBXResourcesBuildPhase section */

/* Begin PBXShellScriptBuildPhase section */
		04AF61D324C85EF4009E93F3 /* Carthage */ = {
			isa = PBXShellScriptBuildPhase;
			buildActionMask = 2147483647;
			files = (
			);
			inputFileListPaths = (
			);
			inputPaths = (
				"$(SRCROOT)/Carthage/Build/iOS/NVActivityIndicatorViewExtended.framework",
				"$(SRCROOT)/Carthage/Build/iOS/NVActivityIndicatorView.framework",
			);
			name = Carthage;
			outputFileListPaths = (
			);
			outputPaths = (
				"$(BUILT_PRODUCTS_DIR)/$(FRAMEWORKS_FOLDER_PATH)/NVActivityIndicatorViewExtended.framework",
				"$(BUILT_PRODUCTS_DIR)/$(FRAMEWORKS_FOLDER_PATH)/NVActivityIndicatorView.framework",
			);
			runOnlyForDeploymentPostprocessing = 0;
			shellPath = /bin/sh;
			shellScript = "/usr/local/bin/carthage copy-frameworks\n";
		};
/* End PBXShellScriptBuildPhase section */

/* Begin PBXSourcesBuildPhase section */
		04EB3AF824C6DAE100BD58DD /* Sources */ = {
			isa = PBXSourcesBuildPhase;
			buildActionMask = 2147483647;
			files = (
				04BE416324C6E3FD00673E45 /* HttpConnectorTask.swift in Sources */,
				049E719A24C7288A00F6508F /* CameraViewModel.swift in Sources */,
				04BE415A24C6DFFF00673E45 /* RawDataContent.swift in Sources */,
				04BE416A24C6E72D00673E45 /* AnyTopLevelDecoder.swift in Sources */,
				04BE415B24C6DFFF00673E45 /* HttpSessionConnector.swift in Sources */,
				04EB3B0024C6DAE100BD58DD /* AppDelegate.swift in Sources */,
				04BE415924C6DFFF00673E45 /* StringContent.swift in Sources */,
				04AF61D224C856CF009E93F3 /* VehicleSubscriptionBuilder.swift in Sources */,
				04AF61C724C85620009E93F3 /* VehicleSubscriptionViewModel.swift in Sources */,
				04BE416924C6E72D00673E45 /* TopLevelDecoder.swift in Sources */,
				04E1471C24C8609200313D01 /* IVehicleSubscriptionRouter.swift in Sources */,
				049E71A124C72D0600F6508F /* Camera.swift in Sources */,
				04BE415124C6DFFF00673E45 /* HttpConnector.swift in Sources */,
				04AF61BC24C83B34009E93F3 /* ResolutionMedia.swift in Sources */,
				04AF61B624C83AD4009E93F3 /* Resource.swift in Sources */,
				049E71AC24C741BF00F6508F /* Cameras.swift in Sources */,
				049E718C24C7282400F6508F /* CamerasViewController.swift in Sources */,
				04AF61B124C83A62009E93F3 /* Subscription.swift in Sources */,
				04AF61AA24C7438D009E93F3 /* RemoteCamerasService.swift in Sources */,
				04E1471A24C8609200313D01 /* IVehicleSubscriptionView.swift in Sources */,
				04AF61BA24C83B14009E93F3 /* Resolution.swift in Sources */,
				04BE416F24C6F0EE00673E45 /* ConnectorManager.swift in Sources */,
				049E71A324C7369900F6508F /* CLLocationCoordinate2D+Extensions.swift in Sources */,
				04BE415D24C6E0C100673E45 /* ServiceError.swift in Sources */,
				049E719C24C7289B00F6508F /* CameraAnnotation.swift in Sources */,
				04AF61B324C83A81009E93F3 /* Vehicle.swift in Sources */,
				04BE416D24C6F07200673E45 /* Core.swift in Sources */,
				049E719524C7286000F6508F /* CamerasBuilder.swift in Sources */,
				04BE417524C6F13700673E45 /* CamerasService.swift in Sources */,
				04AF61D024C856BD009E93F3 /* VehicleSubscriptionRouter.swift in Sources */,
				04BE415624C6DFFF00673E45 /* Request.swift in Sources */,
				049E718F24C7283000F6508F /* ICamerasView.swift in Sources */,
				049E719824C7287A00F6508F /* CamerasViewModel.swift in Sources */,
				049E719124C7284100F6508F /* ICamerasPresenter.swift in Sources */,
				049E719324C7285000F6508F /* CamerasPresenter.swift in Sources */,
				04AF61CE24C856AA009E93F3 /* VehicleSubscriptionPresenter.swift in Sources */,
				04AF61B824C83AF4009E93F3 /* AnyResource.swift in Sources */,
				04AF61CA24C8568F009E93F3 /* VehicleSubscriptionViewController.swift in Sources */,
				04BE416524C6E40F00673E45 /* AnyHttpConnectorTask.swift in Sources */,
				04BE415024C6DFFF00673E45 /* RequestContent.swift in Sources */,
				04AF61AF24C767D7009E93F3 /* ResolutionsService.swift in Sources */,
				04E1471B24C8609200313D01 /* IVehicleSubscriptionPresenter.swift in Sources */,
			);
			runOnlyForDeploymentPostprocessing = 0;
		};
/* End PBXSourcesBuildPhase section */

/* Begin PBXVariantGroup section */
		049E71AA24C73CE600F6508F /* Localizable.strings */ = {
			isa = PBXVariantGroup;
			children = (
				049E71A924C73CE600F6508F /* en */,
			);
			name = Localizable.strings;
			sourceTree = "<group>";
		};
		04EB3B0A24C6DAE600BD58DD /* LaunchScreen.storyboard */ = {
			isa = PBXVariantGroup;
			children = (
				04EB3B0B24C6DAE600BD58DD /* Base */,
			);
			name = LaunchScreen.storyboard;
			sourceTree = "<group>";
		};
/* End PBXVariantGroup section */

/* Begin XCBuildConfiguration section */
		04EB3B0E24C6DAE600BD58DD /* Debug */ = {
			isa = XCBuildConfiguration;
			buildSettings = {
				ALWAYS_SEARCH_USER_PATHS = NO;
				CLANG_ANALYZER_NONNULL = YES;
				CLANG_ANALYZER_NUMBER_OBJECT_CONVERSION = YES_AGGRESSIVE;
				CLANG_CXX_LANGUAGE_STANDARD = "gnu++14";
				CLANG_CXX_LIBRARY = "libc++";
				CLANG_ENABLE_MODULES = YES;
				CLANG_ENABLE_OBJC_ARC = YES;
				CLANG_ENABLE_OBJC_WEAK = YES;
				CLANG_WARN_BLOCK_CAPTURE_AUTORELEASING = YES;
				CLANG_WARN_BOOL_CONVERSION = YES;
				CLANG_WARN_COMMA = YES;
				CLANG_WARN_CONSTANT_CONVERSION = YES;
				CLANG_WARN_DEPRECATED_OBJC_IMPLEMENTATIONS = YES;
				CLANG_WARN_DIRECT_OBJC_ISA_USAGE = YES_ERROR;
				CLANG_WARN_DOCUMENTATION_COMMENTS = YES;
				CLANG_WARN_EMPTY_BODY = YES;
				CLANG_WARN_ENUM_CONVERSION = YES;
				CLANG_WARN_INFINITE_RECURSION = YES;
				CLANG_WARN_INT_CONVERSION = YES;
				CLANG_WARN_NON_LITERAL_NULL_CONVERSION = YES;
				CLANG_WARN_OBJC_IMPLICIT_RETAIN_SELF = YES;
				CLANG_WARN_OBJC_LITERAL_CONVERSION = YES;
				CLANG_WARN_OBJC_ROOT_CLASS = YES_ERROR;
				CLANG_WARN_RANGE_LOOP_ANALYSIS = YES;
				CLANG_WARN_STRICT_PROTOTYPES = YES;
				CLANG_WARN_SUSPICIOUS_MOVE = YES;
				CLANG_WARN_UNGUARDED_AVAILABILITY = YES_AGGRESSIVE;
				CLANG_WARN_UNREACHABLE_CODE = YES;
				CLANG_WARN__DUPLICATE_METHOD_MATCH = YES;
				COPY_PHASE_STRIP = NO;
				DEBUG_INFORMATION_FORMAT = dwarf;
				ENABLE_STRICT_OBJC_MSGSEND = YES;
				ENABLE_TESTABILITY = YES;
				GCC_C_LANGUAGE_STANDARD = gnu11;
				GCC_DYNAMIC_NO_PIC = NO;
				GCC_NO_COMMON_BLOCKS = YES;
				GCC_OPTIMIZATION_LEVEL = 0;
				GCC_PREPROCESSOR_DEFINITIONS = (
					"DEBUG=1",
					"$(inherited)",
				);
				GCC_WARN_64_TO_32_BIT_CONVERSION = YES;
				GCC_WARN_ABOUT_RETURN_TYPE = YES_ERROR;
				GCC_WARN_UNDECLARED_SELECTOR = YES;
				GCC_WARN_UNINITIALIZED_AUTOS = YES_AGGRESSIVE;
				GCC_WARN_UNUSED_FUNCTION = YES;
				GCC_WARN_UNUSED_VARIABLE = YES;
				IPHONEOS_DEPLOYMENT_TARGET = 11.0;
				MTL_ENABLE_DEBUG_INFO = INCLUDE_SOURCE;
				MTL_FAST_MATH = YES;
				ONLY_ACTIVE_ARCH = YES;
				SDKROOT = iphoneos;
				SWIFT_ACTIVE_COMPILATION_CONDITIONS = DEBUG;
				SWIFT_OPTIMIZATION_LEVEL = "-Onone";
			};
			name = Debug;
		};
		04EB3B0F24C6DAE600BD58DD /* Release */ = {
			isa = XCBuildConfiguration;
			buildSettings = {
				ALWAYS_SEARCH_USER_PATHS = NO;
				CLANG_ANALYZER_NONNULL = YES;
				CLANG_ANALYZER_NUMBER_OBJECT_CONVERSION = YES_AGGRESSIVE;
				CLANG_CXX_LANGUAGE_STANDARD = "gnu++14";
				CLANG_CXX_LIBRARY = "libc++";
				CLANG_ENABLE_MODULES = YES;
				CLANG_ENABLE_OBJC_ARC = YES;
				CLANG_ENABLE_OBJC_WEAK = YES;
				CLANG_WARN_BLOCK_CAPTURE_AUTORELEASING = YES;
				CLANG_WARN_BOOL_CONVERSION = YES;
				CLANG_WARN_COMMA = YES;
				CLANG_WARN_CONSTANT_CONVERSION = YES;
				CLANG_WARN_DEPRECATED_OBJC_IMPLEMENTATIONS = YES;
				CLANG_WARN_DIRECT_OBJC_ISA_USAGE = YES_ERROR;
				CLANG_WARN_DOCUMENTATION_COMMENTS = YES;
				CLANG_WARN_EMPTY_BODY = YES;
				CLANG_WARN_ENUM_CONVERSION = YES;
				CLANG_WARN_INFINITE_RECURSION = YES;
				CLANG_WARN_INT_CONVERSION = YES;
				CLANG_WARN_NON_LITERAL_NULL_CONVERSION = YES;
				CLANG_WARN_OBJC_IMPLICIT_RETAIN_SELF = YES;
				CLANG_WARN_OBJC_LITERAL_CONVERSION = YES;
				CLANG_WARN_OBJC_ROOT_CLASS = YES_ERROR;
				CLANG_WARN_RANGE_LOOP_ANALYSIS = YES;
				CLANG_WARN_STRICT_PROTOTYPES = YES;
				CLANG_WARN_SUSPICIOUS_MOVE = YES;
				CLANG_WARN_UNGUARDED_AVAILABILITY = YES_AGGRESSIVE;
				CLANG_WARN_UNREACHABLE_CODE = YES;
				CLANG_WARN__DUPLICATE_METHOD_MATCH = YES;
				COPY_PHASE_STRIP = NO;
				DEBUG_INFORMATION_FORMAT = "dwarf-with-dsym";
				ENABLE_NS_ASSERTIONS = NO;
				ENABLE_STRICT_OBJC_MSGSEND = YES;
				GCC_C_LANGUAGE_STANDARD = gnu11;
				GCC_NO_COMMON_BLOCKS = YES;
				GCC_WARN_64_TO_32_BIT_CONVERSION = YES;
				GCC_WARN_ABOUT_RETURN_TYPE = YES_ERROR;
				GCC_WARN_UNDECLARED_SELECTOR = YES;
				GCC_WARN_UNINITIALIZED_AUTOS = YES_AGGRESSIVE;
				GCC_WARN_UNUSED_FUNCTION = YES;
				GCC_WARN_UNUSED_VARIABLE = YES;
				IPHONEOS_DEPLOYMENT_TARGET = 11.0;
				MTL_ENABLE_DEBUG_INFO = NO;
				MTL_FAST_MATH = YES;
				SDKROOT = iphoneos;
				SWIFT_COMPILATION_MODE = wholemodule;
				SWIFT_OPTIMIZATION_LEVEL = "-O";
				VALIDATE_PRODUCT = YES;
			};
			name = Release;
		};
		04EB3B1124C6DAE600BD58DD /* Debug */ = {
			isa = XCBuildConfiguration;
			buildSettings = {
				ASSETCATALOG_COMPILER_APPICON_NAME = AppIcon;
				CODE_SIGN_STYLE = Automatic;
				DEVELOPMENT_TEAM = MDY39C55RJ;
				FRAMEWORK_SEARCH_PATHS = (
					"$(inherited)",
					"$(PROJECT_DIR)/Carthage/Build/iOS",
				);
				INFOPLIST_FILE = HighwayCode/Resources/Info.plist;
				LD_RUNPATH_SEARCH_PATHS = (
					"$(inherited)",
					"@executable_path/Frameworks",
				);
				PRODUCT_BUNDLE_IDENTIFIER = com.gagnant.HighwayCode;
				PRODUCT_NAME = "$(TARGET_NAME)";
				SWIFT_VERSION = 5.0;
				TARGETED_DEVICE_FAMILY = 1;
			};
			name = Debug;
		};
		04EB3B1224C6DAE600BD58DD /* Release */ = {
			isa = XCBuildConfiguration;
			buildSettings = {
				ASSETCATALOG_COMPILER_APPICON_NAME = AppIcon;
				CODE_SIGN_STYLE = Automatic;
				DEVELOPMENT_TEAM = MDY39C55RJ;
				FRAMEWORK_SEARCH_PATHS = (
					"$(inherited)",
					"$(PROJECT_DIR)/Carthage/Build/iOS",
				);
				INFOPLIST_FILE = HighwayCode/Resources/Info.plist;
				LD_RUNPATH_SEARCH_PATHS = (
					"$(inherited)",
					"@executable_path/Frameworks",
				);
				PRODUCT_BUNDLE_IDENTIFIER = com.gagnant.HighwayCode;
				PRODUCT_NAME = "$(TARGET_NAME)";
				SWIFT_VERSION = 5.0;
				TARGETED_DEVICE_FAMILY = 1;
			};
			name = Release;
		};
/* End XCBuildConfiguration section */

/* Begin XCConfigurationList section */
		04EB3AF724C6DAE100BD58DD /* Build configuration list for PBXProject "HighwayCode" */ = {
			isa = XCConfigurationList;
			buildConfigurations = (
				04EB3B0E24C6DAE600BD58DD /* Debug */,
				04EB3B0F24C6DAE600BD58DD /* Release */,
			);
			defaultConfigurationIsVisible = 0;
			defaultConfigurationName = Release;
		};
		04EB3B1024C6DAE600BD58DD /* Build configuration list for PBXNativeTarget "HighwayCode" */ = {
			isa = XCConfigurationList;
			buildConfigurations = (
				04EB3B1124C6DAE600BD58DD /* Debug */,
				04EB3B1224C6DAE600BD58DD /* Release */,
			);
			defaultConfigurationIsVisible = 0;
			defaultConfigurationName = Release;
		};
/* End XCConfigurationList section */
	};
	rootObject = 04EB3AF424C6DAE100BD58DD /* Project object */;
}
